
Microsoft Visual Studio Solution File, Format Version 12.00
# Visual Studio Version 16
VisualStudioVersion = 16.0.31112.23
MinimumVisualStudioVersion = 10.0.40219.1
Project("{9A19103F-16F7-4668-BE54-9A1E7A4F7556}") = "RestWithASPNETUdemy", "RestWithASPNETUdemy\RestWithASPNETUdemy.csproj", "{92606696-4892-49A1-AE89-459BBD0C717F}"
EndProject
Project("{E53339B2-1760-4266-BCC7-CA923CBCF16C}") = "docker-compose", "docker-compose.dcproj", "{7A98BE76-7D68-45C1-A293-DB8EB55EC667}"
EndProject
Global
	GlobalSection(SolutionConfigurationPlatforms) = preSolution
		Debug|Any CPU = Debug|Any CPU
		Release|Any CPU = Release|Any CPU
	EndGlobalSection
	GlobalSection(ProjectConfigurationPlatforms) = postSolution
		{92606696-4892-49A1-AE89-459BBD0C717F}.Debug|Any CPU.ActiveCfg = Debug|Any CPU
		{92606696-4892-49A1-AE89-459BBD0C717F}.Debug|Any CPU.Build.0 = Debug|Any CPU
		{92606696-4892-49A1-AE89-459BBD0C717F}.Release|Any CPU.ActiveCfg = Release|Any CPU
		{92606696-4892-49A1-AE89-459BBD0C717F}.Release|Any CPU.Build.0 = Release|Any CPU
		{7A98BE76-7D68-45C1-A293-DB8EB55EC667}.Debug|Any CPU.ActiveCfg = Debug|Any CPU
		{7A98BE76-7D68-45C1-A293-DB8EB55EC667}.Debug|Any CPU.Build.0 = Debug|Any CPU
		{7A98BE76-7D68-45C1-A293-DB8EB55EC667}.Release|Any CPU.ActiveCfg = Release|Any CPU
		{7A98BE76-7D68-45C1-A293-DB8EB55EC667}.Release|Any CPU.Build.0 = Release|Any CPU
	EndGlobalSection
	GlobalSection(SolutionProperties) = preSolution
		HideSolutionNode = FALSE
	EndGlobalSection
	GlobalSection(ExtensibilityGlobals) = postSolution
		SolutionGuid = {91360808-4AB8-40D7-9890-E502FC18B8FC}
	EndGlobalSection
EndGlobal
